<?xml version="1.0" encoding="UTF-8"?>
<Scheme LastUpgradeVersion="2600" version="1.3">
<BuildAction parallelizeBuildables="YES" buildImplicitDependencies="YES"><BuildActionEntries><BuildActionEntry buildForTesting="YES" buildForRunning="YES" buildForProfiling="YES" buildForArchiving="YES" buildForAnalyzing="YES"><BuildableReference BuildableIdentifier="primary" BlueprintIdentifier="28842F0FBEF7D211F304ACBC" BuildableName="Yeoback.app" BlueprintName="Yeoback" ReferencedContainer="container:Yeoback.xcodeproj"/></BuildActionEntry></BuildActionEntries></BuildAction>
<TestAction buildConfiguration="Debug" selectedDebuggerIdentifier="Xcode.DebuggerFoundation.Debugger.LLDB" selectedLauncherIdentifier="Xcode.IDEFoundation.Launcher.LLDB" shouldUseLaunchSchemeArgsEnv="YES"><Testables><TestableReference skipped="NO"><BuildableReference BuildableIdentifier="primary" BlueprintIdentifier="94DADF77A96A583B2DA02F2D" BuildableName="YeobackTests.xctest" BlueprintName="YeobackTests" ReferencedContainer="container:Yeoback.xcodeproj"/></TestableReference><TestableReference skipped="NO"><BuildableReference BuildableIdentifier="primary" BlueprintIdentifier="1FB8A3265A3BF6F71ABAD92E" BuildableName="YeobackUITests.xctest" BlueprintName="YeobackUITests" ReferencedContainer="container:Yeoback.xcodeproj"/></TestableReference></Testables></TestAction>
<LaunchAction buildConfiguration="Debug" selectedDebuggerIdentifier="Xcode.DebuggerFoundation.Debugger.LLDB" selectedLauncherIdentifier="Xcode.IDEFoundation.Launcher.LLDB" launchStyle="0" useCustomWorkingDirectory="NO" ignoresPersistentStateOnLaunch="NO" debugDocumentVersioning="YES" allowLocationSimulation="YES"><BuildableProductRunnable runnableDebuggingMode="0"><BuildableReference BuildableIdentifier="primary" BlueprintIdentifier="28842F0FBEF7D211F304ACBC" BuildableName="Yeoback.app" BlueprintName="Yeoback" ReferencedContainer="container:Yeoback.xcodeproj"/></BuildableProductRunnable></LaunchAction>
<ProfileAction buildConfiguration="Release" shouldUseLaunchSchemeArgsEnv="YES" savedToolIdentifier="" useCustomWorkingDirectory="NO" debugDocumentVersioning="YES"><BuildableProductRunnable runnableDebuggingMode="0"><BuildableReference BuildableIdentifier="primary" BlueprintIdentifier="28842F0FBEF7D211F304ACBC" BuildableName="Yeoback.app" BlueprintName="Yeoback" ReferencedContainer="container:Yeoback.xcodeproj"/></BuildableProductRunnable></ProfileAction>
<AnalyzeAction buildConfiguration="Debug"/><ArchiveAction buildConfiguration="Release" revealArchiveInOrganizer="YES"/>
</Scheme>