<?xml version="1.0" encoding="UTF-8"?>
<!DOCTYPE plist PUBLIC "-//Apple//DTD PLIST 1.0//EN" "http://www.apple.com/DTDs/PropertyList-1.0.dtd">
<plist version="1.0">
<dict>
	<key>archiveVersion</key>
	<string>1</string>
	<key>classes</key>
	<dict/>
	<key>objectVersion</key>
	<string>56</string>
	<key>objects</key>
	<dict>
		<key>01F66951AF8147F8BC6B7E54</key>
		<dict>
			<key>buildSettings</key>
			<dict>
				<key>CODE_SIGN_STYLE</key>
				<string>Automatic</string>
				<key>ENABLE_TESTABILITY</key>
				<string>YES</string>
				<key>GENERATE_INFOPLIST_FILE</key>
				<string>YES</string>
				<key>IPHONEOS_DEPLOYMENT_TARGET</key>
				<string>17.0</string>
				<key>PRODUCT_BUNDLE_IDENTIFIER</key>
				<string>app.yeoback.mobile.YeobackUITests</string>
				<key>PRODUCT_NAME</key>
				<string>$(TARGET_NAME)</string>
				<key>SDKROOT</key>
				<string>iphoneos</string>
				<key>SUPPORTED_PLATFORMS</key>
				<string>iphoneos iphonesimulator</string>
				<key>SWIFT_ACTIVE_COMPILATION_CONDITIONS</key>
				<string>DEBUG</string>
				<key>SWIFT_OPTIMIZATION_LEVEL</key>
				<string>-Onone</string>
				<key>SWIFT_VERSION</key>
				<string>5.0</string>
				<key>TARGETED_DEVICE_FAMILY</key>
				<string>1,2</string>
				<key>TEST_TARGET_NAME</key>
				<string>Yeoback</string>
			</dict>
			<key>isa</key>
			<string>XCBuildConfiguration</string>
			<key>name</key>
			<string>Debug</string>
		</dict>
		<key>05644E5C0BF74A5524D4BADC</key>
		<dict>
			<key>buildConfigurations</key>
			<array>
				<string>EBBE8BD443C959D9FB1A8916</string>
				<string>284108F8035276ADF535DD3A</string>
			</array>
			<key>defaultConfigurationIsVisible</key>
			<integer>0</integer>
			<key>defaultConfigurationName</key>
			<string>Release</string>
			<key>isa</key>
			<string>XCConfigurationList</string>
		</dict>
		<key>13642F5F693928577F806B40</key>
		<dict>
			<key>buildConfigurations</key>
			<array>
				<string>01F66951AF8147F8BC6B7E54</string>
				<string>955E9E8461131884FFA10AE1</string>
			</array>
			<key>defaultConfigurationIsVisible</key>
			<integer>0</integer>
			<key>defaultConfigurationName</key>
			<string>Release</string>
			<key>isa</key>
			<string>XCConfigurationList</string>
		</dict>
		<key>148213B88AF39B8D55EBA698</key>
		<dict>
			<key>fileRef</key>
			<string>8B3DD87779D75CFB31B2BF4D</string>
			<key>isa</key>
			<string>PBXBuildFile</string>
		</dict>
		<key>153879F5B2EAEC352418E8ED</key>
		<dict>
			<key>buildActionMask</key>
			<integer>2147483647</integer>
			<key>files</key>
			<array/>
			<key>isa</key>
			<string>PBXResourcesBuildPhase</string>
			<key>runOnlyForDeploymentPostprocessing</key>
			<integer>0</integer>
		</dict>
		<key>1DC80D98FD807157663E5C4D</key>
		<dict>
			<key>fileRef</key>
			<string>58C2C5F524AE20F334E2DEE8</string>
			<key>isa</key>
			<string>PBXBuildFile</string>
		</dict>
		<key>1FB8A3265A3BF6F71ABAD92E</key>
		<dict>
			<key>buildConfigurationList</key>
			<string>13642F5F693928577F806B40</string>
			<key>buildPhases</key>
			<array>
				<string>FBC1ADF8B467F554DA4EB930</string>
				<string>3EC0A2FE91C25EBA78A771D2</string>
				<string>E3FC7335238E6D98576FFB74</string>
			</array>
			<key>buildRules</key>
			<array/>
			<key>dependencies</key>
			<array>
				<string>508A82BB5D1CE20ECE9B0D42</string>
			</array>
			<key>isa</key>
			<string>PBXNativeTarget</string>
			<key>name</key>
			<string>YeobackUITests</string>
			<key>productName</key>
			<string>YeobackUITests</string>
			<key>productReference</key>
			<string>42868B27C130FE4E5CD94BE7</string>
			<key>productType</key>
			<string>com.apple.product-type.bundle.ui-testing</string>
		</dict>
		<key>284108F8035276ADF535DD3A</key>
		<dict>
			<key>buildSettings</key>
			<dict>
				<key>BUNDLE_LOADER</key>
				<string>$(TEST_HOST)</string>
				<key>CODE_SIGN_STYLE</key>
				<string>Automatic</string>
				<key>GENERATE_INFOPLIST_FILE</key>
				<string>YES</string>
				<key>IPHONEOS_DEPLOYMENT_TARGET</key>
				<string>17.0</string>
				<key>PRODUCT_BUNDLE_IDENTIFIER</key>
				<string>app.yeoback.mobile.YeobackTests</string>
				<key>PRODUCT_NAME</key>
				<string>$(TARGET_NAME)</string>
				<key>SDKROOT</key>
				<string>iphoneos</string>
				<key>SUPPORTED_PLATFORMS</key>
				<string>iphoneos iphonesimulator</string>
				<key>SWIFT_OPTIMIZATION_LEVEL</key>
				<string>-O</string>
				<key>SWIFT_VERSION</key>
				<string>5.0</string>
				<key>TARGETED_DEVICE_FAMILY</key>
				<string>1,2</string>
				<key>TEST_HOST</key>
				<string>$(BUILT_PRODUCTS_DIR)/Yeoback.app/$(BUNDLE_EXECUTABLE_FOLDER_PATH)/Yeoback</string>
			</dict>
			<key>isa</key>
			<string>XCBuildConfiguration</string>
			<key>name</key>
			<string>Release</string>
		</dict>
		<key>2867076FE5363455264AC047</key>
		<dict>
			<key>buildActionMask</key>
			<integer>2147483647</integer>
			<key>files</key>
			<array>
				<string>F5C83F68CECB55DBDA468465</string>
				<string>1DC80D98FD807157663E5C4D</string>
				<string>BBEEFFA85B326DA29F6488D2</string>
			</array>
			<key>isa</key>
			<string>PBXSourcesBuildPhase</string>
			<key>runOnlyForDeploymentPostprocessing</key>
			<integer>0</integer>
		</dict>
		<key>28842F0FBEF7D211F304ACBC</key>
		<dict>
			<key>buildConfigurationList</key>
			<string>DDC61BEE30C59FCD563881CE</string>
			<key>buildPhases</key>
			<array>
				<string>2867076FE5363455264AC047</string>
				<string>B4168333501010E3575F2F69</string>
				<string>B89612EE9CDEEEE9E24F6FA8</string>
			</array>
			<key>buildRules</key>
			<array/>
			<key>dependencies</key>
			<array/>
			<key>isa</key>
			<string>PBXNativeTarget</string>
			<key>name</key>
			<string>Yeoback</string>
			<key>productName</key>
			<string>Yeoback</string>
			<key>productReference</key>
			<string>BBB185A93088E07F1C47EEBA</string>
			<key>productType</key>
			<string>com.apple.product-type.application</string>
		</dict>
		<key>34F435B4FA14C55E6864F0D4</key>
		<dict>
			<key>isa</key>
			<string>PBXTargetDependency</string>
			<key>target</key>
			<string>28842F0FBEF7D211F304ACBC</string>
		</dict>
		<key>3C05BEEE7303EE3FA7B250FA</key>
		<dict>
			<key>buildConfigurations</key>
			<array>
				<string>433548979C024CC63B5F3B8D</string>
				<string>B800A40FDE6F0A0218D9BCD2</string>
			</array>
			<key>defaultConfigurationIsVisible</key>
			<integer>0</integer>
			<key>defaultConfigurationName</key>
			<string>Release</string>
			<key>isa</key>
			<string>XCConfigurationList</string>
		</dict>
		<key>3E173C8EB700563D9930C445</key>
		<dict>
			<key>explicitFileType</key>
			<string>wrapper.cfbundle</string>
			<key>isa</key>
			<string>PBXFileReference</string>
			<key>path</key>
			<string>YeobackTests.xctest</string>
			<key>sourceTree</key>
			<string>BUILT_PRODUCTS_DIR</string>
		</dict>
		<key>3EC0A2FE91C25EBA78A771D2</key>
		<dict>
			<key>buildActionMask</key>
			<integer>2147483647</integer>
			<key>files</key>
			<array/>
			<key>isa</key>
			<string>PBXFrameworksBuildPhase</string>
			<key>runOnlyForDeploymentPostprocessing</key>
			<integer>0</integer>
		</dict>
		<key>41086221D597912EA37B78E1</key>
		<dict>
			<key>isa</key>
			<string>PBXFileReference</string>
			<key>lastKnownFileType</key>
			<string>sourcecode.swift</string>
			<key>path</key>
			<string>Tests/FolderEngineTests.swift</string>
			<key>sourceTree</key>
			<string>&lt;group&gt;</string>
		</dict>
		<key>42868B27C130FE4E5CD94BE7</key>
		<dict>
			<key>explicitFileType</key>
			<string>wrapper.cfbundle</string>
			<key>isa</key>
			<string>PBXFileReference</string>
			<key>path</key>
			<string>YeobackUITests.xctest</string>
			<key>sourceTree</key>
			<string>BUILT_PRODUCTS_DIR</string>
		</dict>
		<key>433548979C024CC63B5F3B8D</key>
		<dict>
			<key>buildSettings</key>
			<dict>
				<key>ENABLE_TESTABILITY</key>
				<string>YES</string>
				<key>SWIFT_ACTIVE_COMPILATION_CONDITIONS</key>
				<string>DEBUG</string>
				<key>SWIFT_OPTIMIZATION_LEVEL</key>
				<string>-Onone</string>
			</dict>
			<key>isa</key>
			<string>XCBuildConfiguration</string>
			<key>name</key>
			<string>Debug</string>
		</dict>
		<key>4EDC8BFAFC6BD936B849F38C</key>
		<dict>
			<key>children</key>
			<array>
				<string>BBB185A93088E07F1C47EEBA</string>
				<string>3E173C8EB700563D9930C445</string>
				<string>42868B27C130FE4E5CD94BE7</string>
			</array>
			<key>isa</key>
			<string>PBXGroup</string>
			<key>name</key>
			<string>Products</string>
			<key>sourceTree</key>
			<string>&lt;group&gt;</string>
		</dict>
		<key>508A82BB5D1CE20ECE9B0D42</key>
		<dict>
			<key>isa</key>
			<string>PBXTargetDependency</string>
			<key>target</key>
			<string>28842F0FBEF7D211F304ACBC</string>
		</dict>
		<key>58C2C5F524AE20F334E2DEE8</key>
		<dict>
			<key>isa</key>
			<string>PBXFileReference</string>
			<key>lastKnownFileType</key>
			<string>sourcecode.swift</string>
			<key>path</key>
			<string>Yeoback/FolderEngine.swift</string>
			<key>sourceTree</key>
			<string>&lt;group&gt;</string>
		</dict>
		<key>5B631A1AECFC4410EC685915</key>
		<dict>
			<key>isa</key>
			<string>PBXFileReference</string>
			<key>lastKnownFileType</key>
			<string>sourcecode.swift</string>
			<key>path</key>
			<string>UITests/YeobackUITests.swift</string>
			<key>sourceTree</key>
			<string>&lt;group&gt;</string>
		</dict>
		<key>6286672B2A38CBC3D6598980</key>
		<dict>
			<key>fileRef</key>
			<string>41086221D597912EA37B78E1</string>
			<key>isa</key>
			<string>PBXBuildFile</string>
		</dict>
		<key>69E66164E2F25EDC878298F7</key>
		<dict>
			<key>fileRef</key>
			<string>5B631A1AECFC4410EC685915</string>
			<key>isa</key>
			<string>PBXBuildFile</string>
		</dict>
		<key>7E77F0216A9B4D93F937A64F</key>
		<dict>
			<key>isa</key>
			<string>PBXFileReference</string>
			<key>lastKnownFileType</key>
			<string>sourcecode.swift</string>
			<key>path</key>
			<string>../../Sources/Cleanup/WorkArtifact.swift</string>
			<key>sourceTree</key>
			<string>&lt;group&gt;</string>
		</dict>
		<key>8B3DD87779D75CFB31B2BF4D</key>
		<dict>
			<key>isa</key>
			<string>PBXFileReference</string>
			<key>lastKnownFileType</key>
			<string>folder.assetcatalog</string>
			<key>path</key>
			<string>Yeoback/Assets.xcassets</string>
			<key>sourceTree</key>
			<string>&lt;group&gt;</string>
		</dict>
		<key>94DADF77A96A583B2DA02F2D</key>
		<dict>
			<key>buildConfigurationList</key>
			<string>05644E5C0BF74A5524D4BADC</string>
			<key>buildPhases</key>
			<array>
				<string>9677623325D0E8C7A0455FB0</string>
				<string>9903404016953F15A3C6628B</string>
				<string>153879F5B2EAEC352418E8ED</string>
			</array>
			<key>buildRules</key>
			<array/>
			<key>dependencies</key>
			<array>
				<string>34F435B4FA14C55E6864F0D4</string>
			</array>
			<key>isa</key>
			<string>PBXNativeTarget</string>
			<key>name</key>
			<string>YeobackTests</string>
			<key>productName</key>
			<string>YeobackTests</string>
			<key>productReference</key>
			<string>3E173C8EB700563D9930C445</string>
			<key>productType</key>
			<string>com.apple.product-type.bundle.unit-test</string>
		</dict>
		<key>955E9E8461131884FFA10AE1</key>
		<dict>
			<key>buildSettings</key>
			<dict>
				<key>CODE_SIGN_STYLE</key>
				<string>Automatic</string>
				<key>GENERATE_INFOPLIST_FILE</key>
				<string>YES</string>
				<key>IPHONEOS_DEPLOYMENT_TARGET</key>
				<string>17.0</string>
				<key>PRODUCT_BUNDLE_IDENTIFIER</key>
				<string>app.yeoback.mobile.YeobackUITests</string>
				<key>PRODUCT_NAME</key>
				<string>$(TARGET_NAME)</string>
				<key>SDKROOT</key>
				<string>iphoneos</string>
				<key>SUPPORTED_PLATFORMS</key>
				<string>iphoneos iphonesimulator</string>
				<key>SWIFT_OPTIMIZATION_LEVEL</key>
				<string>-O</string>
				<key>SWIFT_VERSION</key>
				<string>5.0</string>
				<key>TARGETED_DEVICE_FAMILY</key>
				<string>1,2</string>
				<key>TEST_TARGET_NAME</key>
				<string>Yeoback</string>
			</dict>
			<key>isa</key>
			<string>XCBuildConfiguration</string>
			<key>name</key>
			<string>Release</string>
		</dict>
		<key>9677623325D0E8C7A0455FB0</key>
		<dict>
			<key>buildActionMask</key>
			<integer>2147483647</integer>
			<key>files</key>
			<array>
				<string>6286672B2A38CBC3D6598980</string>
			</array>
			<key>isa</key>
			<string>PBXSourcesBuildPhase</string>
			<key>runOnlyForDeploymentPostprocessing</key>
			<integer>0</integer>
		</dict>
		<key>985959785319747668373CC6</key>
		<dict>
			<key>attributes</key>
			<dict>
				<key>BuildIndependentTargetsInParallel</key>
				<string>YES</string>
				<key>LastUpgradeCheck</key>
				<string>2600</string>
			</dict>
			<key>buildConfigurationList</key>
			<string>3C05BEEE7303EE3FA7B250FA</string>
			<key>compatibilityVersion</key>
			<string>Xcode 14.0</string>
			<key>developmentRegion</key>
			<string>en</string>
			<key>isa</key>
			<string>PBXProject</string>
			<key>knownRegions</key>
			<array>
				<string>en</string>
				<string>Base</string>
			</array>
			<key>mainGroup</key>
			<string>EB814BE3CA3B78C0734C5605</string>
			<key>productRefGroup</key>
			<string>4EDC8BFAFC6BD936B849F38C</string>
			<key>projectDirPath</key>
			<string></string>
			<key>projectRoot</key>
			<string></string>
			<key>targets</key>
			<array>
				<string>28842F0FBEF7D211F304ACBC</string>
				<string>94DADF77A96A583B2DA02F2D</string>
				<string>1FB8A3265A3BF6F71ABAD92E</string>
			</array>
		</dict>
		<key>9903404016953F15A3C6628B</key>
		<dict>
			<key>buildActionMask</key>
			<integer>2147483647</integer>
			<key>files</key>
			<array/>
			<key>isa</key>
			<string>PBXFrameworksBuildPhase</string>
			<key>runOnlyForDeploymentPostprocessing</key>
			<integer>0</integer>
		</dict>
		<key>A9D56DC60C5CB1A2B3CFB14E</key>
		<dict>
			<key>buildSettings</key>
			<dict>
				<key>ASSETCATALOG_COMPILER_APPICON_NAME</key>
				<string>AppIcon</string>
				<key>CODE_SIGN_STYLE</key>
				<string>Automatic</string>
				<key>CURRENT_PROJECT_VERSION</key>
				<string>1</string>
				<key>GENERATE_INFOPLIST_FILE</key>
				<string>YES</string>
				<key>INFOPLIST_KEY_CFBundleDisplayName</key>
				<string>Yeoback</string>
				<key>INFOPLIST_KEY_UIApplicationSceneManifest_Generation</key>
				<string>YES</string>
				<key>INFOPLIST_KEY_UILaunchScreen_Generation</key>
				<string>YES</string>
				<key>IPHONEOS_DEPLOYMENT_TARGET</key>
				<string>17.0</string>
				<key>MARKETING_VERSION</key>
				<string>0.1.0</string>
				<key>PRODUCT_BUNDLE_IDENTIFIER</key>
				<string>app.yeoback.mobile</string>
				<key>PRODUCT_NAME</key>
				<string>$(TARGET_NAME)</string>
				<key>SDKROOT</key>
				<string>iphoneos</string>
				<key>SUPPORTED_PLATFORMS</key>
				<string>iphoneos iphonesimulator</string>
				<key>SWIFT_OPTIMIZATION_LEVEL</key>
				<string>-O</string>
				<key>SWIFT_VERSION</key>
				<string>5.0</string>
				<key>TARGETED_DEVICE_FAMILY</key>
				<string>1,2</string>
			</dict>
			<key>isa</key>
			<string>XCBuildConfiguration</string>
			<key>name</key>
			<string>Release</string>
		</dict>
		<key>B3B3F549F487FDA5575A94DD</key>
		<dict>
			<key>isa</key>
			<string>PBXFileReference</string>
			<key>lastKnownFileType</key>
			<string>sourcecode.swift</string>
			<key>path</key>
			<string>Yeoback/YeobackApp.swift</string>
			<key>sourceTree</key>
			<string>&lt;group&gt;</string>
		</dict>
		<key>B4168333501010E3575F2F69</key>
		<dict>
			<key>buildActionMask</key>
			<integer>2147483647</integer>
			<key>files</key>
			<array/>
			<key>isa</key>
			<string>PBXFrameworksBuildPhase</string>
			<key>runOnlyForDeploymentPostprocessing</key>
			<integer>0</integer>
		</dict>
		<key>B800A40FDE6F0A0218D9BCD2</key>
		<dict>
			<key>buildSettings</key>
			<dict>
				<key>SWIFT_OPTIMIZATION_LEVEL</key>
				<string>-O</string>
			</dict>
			<key>isa</key>
			<string>XCBuildConfiguration</string>
			<key>name</key>
			<string>Release</string>
		</dict>
		<key>B89612EE9CDEEEE9E24F6FA8</key>
		<dict>
			<key>buildActionMask</key>
			<integer>2147483647</integer>
			<key>files</key>
			<array>
				<string>148213B88AF39B8D55EBA698</string>
			</array>
			<key>isa</key>
			<string>PBXResourcesBuildPhase</string>
			<key>runOnlyForDeploymentPostprocessing</key>
			<integer>0</integer>
		</dict>
		<key>BBB185A93088E07F1C47EEBA</key>
		<dict>
			<key>explicitFileType</key>
			<string>wrapper.application</string>
			<key>isa</key>
			<string>PBXFileReference</string>
			<key>path</key>
			<string>Yeoback.app</string>
			<key>sourceTree</key>
			<string>BUILT_PRODUCTS_DIR</string>
		</dict>
		<key>BBEEFFA85B326DA29F6488D2</key>
		<dict>
			<key>fileRef</key>
			<string>7E77F0216A9B4D93F937A64F</string>
			<key>isa</key>
			<string>PBXBuildFile</string>
		</dict>
		<key>D30FC3021E03B76767BF25AF</key>
		<dict>
			<key>buildSettings</key>
			<dict>
				<key>ASSETCATALOG_COMPILER_APPICON_NAME</key>
				<string>AppIcon</string>
				<key>CODE_SIGN_STYLE</key>
				<string>Automatic</string>
				<key>CURRENT_PROJECT_VERSION</key>
				<string>1</string>
				<key>ENABLE_TESTABILITY</key>
				<string>YES</string>
				<key>GENERATE_INFOPLIST_FILE</key>
				<string>YES</string>
				<key>INFOPLIST_KEY_CFBundleDisplayName</key>
				<string>Yeoback</string>
				<key>INFOPLIST_KEY_UIApplicationSceneManifest_Generation</key>
				<string>YES</string>
				<key>INFOPLIST_KEY_UILaunchScreen_Generation</key>
				<string>YES</string>
				<key>IPHONEOS_DEPLOYMENT_TARGET</key>
				<string>17.0</string>
				<key>MARKETING_VERSION</key>
				<string>0.1.0</string>
				<key>PRODUCT_BUNDLE_IDENTIFIER</key>
				<string>app.yeoback.mobile</string>
				<key>PRODUCT_NAME</key>
				<string>$(TARGET_NAME)</string>
				<key>SDKROOT</key>
				<string>iphoneos</string>
				<key>SUPPORTED_PLATFORMS</key>
				<string>iphoneos iphonesimulator</string>
				<key>SWIFT_ACTIVE_COMPILATION_CONDITIONS</key>
				<string>DEBUG</string>
				<key>SWIFT_OPTIMIZATION_LEVEL</key>
				<string>-Onone</string>
				<key>SWIFT_VERSION</key>
				<string>5.0</string>
				<key>TARGETED_DEVICE_FAMILY</key>
				<string>1,2</string>
			</dict>
			<key>isa</key>
			<string>XCBuildConfiguration</string>
			<key>name</key>
			<string>Debug</string>
		</dict>
		<key>DDC61BEE30C59FCD563881CE</key>
		<dict>
			<key>buildConfigurations</key>
			<array>
				<string>D30FC3021E03B76767BF25AF</string>
				<string>A9D56DC60C5CB1A2B3CFB14E</string>
			</array>
			<key>defaultConfigurationIsVisible</key>
			<integer>0</integer>
			<key>defaultConfigurationName</key>
			<string>Release</string>
			<key>isa</key>
			<string>XCConfigurationList</string>
		</dict>
		<key>E3FC7335238E6D98576FFB74</key>
		<dict>
			<key>buildActionMask</key>
			<integer>2147483647</integer>
			<key>files</key>
			<array/>
			<key>isa</key>
			<string>PBXResourcesBuildPhase</string>
			<key>runOnlyForDeploymentPostprocessing</key>
			<integer>0</integer>
		</dict>
		<key>EB814BE3CA3B78C0734C5605</key>
		<dict>
			<key>children</key>
			<array>
				<string>B3B3F549F487FDA5575A94DD</string>
				<string>58C2C5F524AE20F334E2DEE8</string>
				<string>7E77F0216A9B4D93F937A64F</string>
				<string>8B3DD87779D75CFB31B2BF4D</string>
				<string>41086221D597912EA37B78E1</string>
				<string>5B631A1AECFC4410EC685915</string>
				<string>4EDC8BFAFC6BD936B849F38C</string>
			</array>
			<key>isa</key>
			<string>PBXGroup</string>
			<key>sourceTree</key>
			<string>&lt;group&gt;</string>
		</dict>
		<key>EBBE8BD443C959D9FB1A8916</key>
		<dict>
			<key>buildSettings</key>
			<dict>
				<key>BUNDLE_LOADER</key>
				<string>$(TEST_HOST)</string>
				<key>CODE_SIGN_STYLE</key>
				<string>Automatic</string>
				<key>ENABLE_TESTABILITY</key>
				<string>YES</string>
				<key>GENERATE_INFOPLIST_FILE</key>
				<string>YES</string>
				<key>IPHONEOS_DEPLOYMENT_TARGET</key>
				<string>17.0</string>
				<key>PRODUCT_BUNDLE_IDENTIFIER</key>
				<string>app.yeoback.mobile.YeobackTests</string>
				<key>PRODUCT_NAME</key>
				<string>$(TARGET_NAME)</string>
				<key>SDKROOT</key>
				<string>iphoneos</string>
				<key>SUPPORTED_PLATFORMS</key>
				<string>iphoneos iphonesimulator</string>
				<key>SWIFT_ACTIVE_COMPILATION_CONDITIONS</key>
				<string>DEBUG</string>
				<key>SWIFT_OPTIMIZATION_LEVEL</key>
				<string>-Onone</string>
				<key>SWIFT_VERSION</key>
				<string>5.0</string>
				<key>TARGETED_DEVICE_FAMILY</key>
				<string>1,2</string>
				<key>TEST_HOST</key>
				<string>$(BUILT_PRODUCTS_DIR)/Yeoback.app/$(BUNDLE_EXECUTABLE_FOLDER_PATH)/Yeoback</string>
			</dict>
			<key>isa</key>
			<string>XCBuildConfiguration</string>
			<key>name</key>
			<string>Debug</string>
		</dict>
		<key>F5C83F68CECB55DBDA468465</key>
		<dict>
			<key>fileRef</key>
			<string>B3B3F549F487FDA5575A94DD</string>
			<key>isa</key>
			<string>PBXBuildFile</string>
		</dict>
		<key>FBC1ADF8B467F554DA4EB930</key>
		<dict>
			<key>buildActionMask</key>
			<integer>2147483647</integer>
			<key>files</key>
			<array>
				<string>69E66164E2F25EDC878298F7</string>
			</array>
			<key>isa</key>
			<string>PBXSourcesBuildPhase</string>
			<key>runOnlyForDeploymentPostprocessing</key>
			<integer>0</integer>
		</dict>
	</dict>
	<key>rootObject</key>
	<string>985959785319747668373CC6</string>
</dict>
</plist>
